
Microsoft Visual Studio Solution File, Format Version 12.00
# Visual Studio 15
VisualStudioVersion = 15.0.27004.2008
MinimumVisualStudioVersion = 10.0.40219.1
Project("{F184B08F-C81C-45F6-A57F-5ABD9991F28F}") = "SMRUCC.WebCloud.QRCode", "SMRUCC.WebCloud.QRCode.vbproj", "{4B6D92DD-09AA-425B-ADE6-FBC92134B155}"
EndProject
Project("{F184B08F-C81C-45F6-A57F-5ABD9991F28F}") = "test", "test\test.vbproj", "{E485D500-E002-4B96-8C74-F10EB25E0A7B}"
EndProject
Global
	GlobalSection(SolutionConfigurationPlatforms) = preSolution
		Debug|Any CPU = Debug|Any CPU
		Release|Any CPU = Release|Any CPU
	EndGlobalSection
	GlobalSection(ProjectConfigurationPlatforms) = postSolution
		{4B6D92DD-09AA-425B-ADE6-FBC92134B155}.Debug|Any CPU.ActiveCfg = Debug|Any CPU
		{4B6D92DD-09AA-425B-ADE6-FBC92134B155}.Debug|Any CPU.Build.0 = Debug|Any CPU
		{4B6D92DD-09AA-425B-ADE6-FBC92134B155}.Release|Any CPU.ActiveCfg = Release|Any CPU
		{4B6D92DD-09AA-425B-ADE6-FBC92134B155}.Release|Any CPU.Build.0 = Release|Any CPU
		{E485D500-E002-4B96-8C74-F10EB25E0A7B}.Debug|Any CPU.ActiveCfg = Debug|Any CPU
		{E485D500-E002-4B96-8C74-F10EB25E0A7B}.Debug|Any CPU.Build.0 = Debug|Any CPU
		{E485D500-E002-4B96-8C74-F10EB25E0A7B}.Release|Any CPU.ActiveCfg = Release|Any CPU
		{E485D500-E002-4B96-8C74-F10EB25E0A7B}.Release|Any CPU.Build.0 = Release|Any CPU
	EndGlobalSection
	GlobalSection(SolutionProperties) = preSolution
		HideSolutionNode = FALSE
	EndGlobalSection
	GlobalSection(ExtensibilityGlobals) = postSolution
		SolutionGuid = {391D9180-4C3A-41DD-BC05-84AB7A5A27D6}
	EndGlobalSection
EndGlobal
